<?xml version="1.0" encoding="UTF-8" standalone="yes" ?>
<CodeBlocks_project_file>
	<FileVersion major="1" minor="6" />
	<Project>
		<Option title="VideoJoystick" />
		<Option pch_mode="2" />
		<Option compiler="gcc" />
		<Build>
			<Target title="Debug">
				<Option output="bin/Debug/VideoJoystick" prefix_auto="1" extension_auto="1" />
				<Option object_output="obj/Debug/" />
				<Option type="1" />
				<Option compiler="gcc" />
				<Compiler>
					<Add option="-g" />
				</Compiler>
			</Target>
			<Target title="Release">
				<Option output="bin/Release/VideoJoystick" prefix_auto="1" extension_auto="1" />
				<Option object_output="obj/Release/" />
				<Option type="1" />
				<Option compiler="gcc" />
				<Compiler>
					<Add option="-O2" />
				</Compiler>
				<Linker>
					<Add option="-s" />
				</Linker>
			</Target>
		</Build>
		<Compiler>
			<Add option="-Wall" />
			<Add option="-fexceptions" />
			<Add option="-pthread" />
			<Add directory="/opt/vc/include" />
			<Add directory="raspicam" />
		</Compiler>
		<Linker>
			<Add option="-pthread" />
			<Add library="/opt/vc/lib/libvcos.so" />
			<Add library="/opt/vc/lib/libmmal.so" />
			<Add library="/opt/vc/lib/libmmal_components.so" />
			<Add library="/opt/vc/lib/libmmal_util.so" />
			<Add library="/opt/vc/lib/libmmal_core.so" />
			<Add library="/opt/vc/lib/libvcsm.so" />
			<Add library="/opt/vc/lib/libmmal_vc_client.so" />
			<Add library="/opt/vc/lib/libvchiq_arm.so" />
			<Add library="/opt/vc/lib/libvchostif.a" />
			<Add library="/opt/vc/lib/libbcm_host.so" />
			<Add directory="/opt/vc/lib" />
		</Linker>
		<Unit filename="main.cpp" />
		<Unit filename="raspicam/RaspiCLI.c">
			<Option compilerVar="CC" />
		</Unit>
		<Unit filename="raspicam/RaspiCamControl.c">
			<Option compilerVar="CC" />
		</Unit>
		<Unit filename="raspicam/RaspiPreview.c">
			<Option compilerVar="CC" />
		</Unit>
		<Extensions>
			<code_completion />
			<debugger />
		</Extensions>
	</Project>
</CodeBlocks_project_file>
